<?xml version="1.0" encoding="utf-8"?>
<Project ToolsVersion="4.0" xmlns="http://schemas.microsoft.com/developer/msbuild/2003">
  <ItemGroup>
    <Filter Include="Source Files">
      <UniqueIdentifier>{4FC737F1-C7A5-4376-A066-2A32D752A2FF}</UniqueIdentifier>
      <Extensions>qml;cpp;c;cc;cxx;def;odl;idl;hpj;bat;asm;asmx</Extensions>
    </Filter>
    <Filter Include="Header Files">
      <UniqueIdentifier>{93995380-89BD-4b04-88EB-625FBE52EBFB}</UniqueIdentifier>
      <Extensions>h;hh;hpp;hxx;hm;inl;inc;xsd</Extensions>
    </Filter>
    <Filter Include="Resource Files">
      <UniqueIdentifier>{67DA6AB6-F800-4c08-8B7A-83BB121AAD01}</UniqueIdentifier>
      <Extensions>qrc;rc;ico;cur;bmp;dlg;rc2;rct;bin;rgs;gif;jpg;jpeg;jpe;resx;tiff;tif;png;wav;mfcribbon-ms</Extensions>
    </Filter>
    <Filter Include="Form Files">
      <UniqueIdentifier>{99349809-55BA-4b9d-BF79-8FDBB0286EB3}</UniqueIdentifier>
      <Extensions>ui</Extensions>
    </Filter>
    <Filter Include="Header Files\persistence">
      <UniqueIdentifier>{0534fcb0-f7a9-44ef-92e2-cfc3b1d19e38}</UniqueIdentifier>
    </Filter>
    <Filter Include="Source Files\persistence">
      <UniqueIdentifier>{170f20c2-6907-4488-9ae0-3838ccabf20e}</UniqueIdentifier>
    </Filter>
    <Filter Include="Header Files\persistence\database">
      <UniqueIdentifier>{ea7029c4-27d1-4859-8f15-6717123e3b13}</UniqueIdentifier>
    </Filter>
    <Filter Include="Source Files\persistence\database">
      <UniqueIdentifier>{88c9f694-f486-4b54-ab95-fab9ce57b74b}</UniqueIdentifier>
    </Filter>
    <Filter Include="Header Files\service">
      <UniqueIdentifier>{54987eb7-a5b6-4411-95cc-e5708d5683a6}</UniqueIdentifier>
    </Filter>
    <Filter Include="Source Files\service">
      <UniqueIdentifier>{5bcf8e5d-e2f5-453d-9bdb-c4b6c4590a10}</UniqueIdentifier>
    </Filter>
  </ItemGroup>
  <ItemGroup>
    <ClCompile Include="main.cpp">
      <Filter>Source Files</Filter>
    </ClCompile>
    <ClCompile Include="ServerWorker.cpp">
      <Filter>Source Files</Filter>
    </ClCompile>
    <ClCompile Include="ServerService.cpp">
      <Filter>Source Files\service</Filter>
    </ClCompile>
    <ClCompile Include="UserDatabase.cpp">
      <Filter>Source Files\persistence\database</Filter>
    </ClCompile>
    <ClCompile Include="ActionDatabase.cpp">
      <Filter>Source Files\persistence\database</Filter>
    </ClCompile>
  </ItemGroup>
  <ItemGroup>
    <ClInclude Include="Request.hpp">
      <Filter>Header Files</Filter>
    </ClInclude>
    <ClInclude Include="Response.hpp">
      <Filter>Header Files</Filter>
    </ClInclude>
    <ClInclude Include="UserRepository.hpp">
      <Filter>Header Files\persistence</Filter>
    </ClInclude>
    <ClInclude Include="IRepository.hpp">
      <Filter>Header Files\persistence</Filter>
    </ClInclude>
    <ClInclude Include="ADatabase.hpp">
      <Filter>Header Files\persistence\database</Filter>
    </ClInclude>
    <ClInclude Include="UserDatabase.hpp">
      <Filter>Header Files\persistence\database</Filter>
    </ClInclude>
    <ClInclude Include="IService.hpp">
      <Filter>Header Files\service</Filter>
    </ClInclude>
    <ClInclude Include="ServerService.hpp">
      <Filter>Header Files\service</Filter>
    </ClInclude>
    <ClInclude Include="ActionDatabase.hpp">
      <Filter>Header Files\persistence\database</Filter>
    </ClInclude>
    <ClInclude Include="ActionRepository.hpp">
      <Filter>Header Files\persistence</Filter>
    </ClInclude>
  </ItemGroup>
  <ItemGroup>
    <QtMoc Include="ServerWorker.hpp">
      <Filter>Header Files</Filter>
    </QtMoc>
  </ItemGroup>
</Project>