
Microsoft Visual Studio Solution File, Format Version 12.00
# Visual Studio Version 17
VisualStudioVersion = 17.1.32421.90
MinimumVisualStudioVersion = 10.0.40219.1
Project("{8BC9CEB8-8B4A-11D0-8D11-00A0C91BC942}") = "lab 13-14", "lab 13-14.vcxproj", "{50B8C355-B371-40F3-87DE-B5CE7C66FFB2}"
EndProject
Global
	GlobalSection(SolutionConfigurationPlatforms) = preSolution
		Debug|x64 = Debug|x64
		Release|x64 = Release|x64
	EndGlobalSection
	GlobalSection(ProjectConfigurationPlatforms) = postSolution
		{50B8C355-B371-40F3-87DE-B5CE7C66FFB2}.Debug|x64.ActiveCfg = Debug|x64
		{50B8C355-B371-40F3-87DE-B5CE7C66FFB2}.Debug|x64.Build.0 = Debug|x64
		{50B8C355-B371-40F3-87DE-B5CE7C66FFB2}.Release|x64.ActiveCfg = Release|x64
		{50B8C355-B371-40F3-87DE-B5CE7C66FFB2}.Release|x64.Build.0 = Release|x64
	EndGlobalSection
	GlobalSection(SolutionProperties) = preSolution
		HideSolutionNode = FALSE
	EndGlobalSection
	GlobalSection(ExtensibilityGlobals) = postSolution
		SolutionGuid = {1005C022-7E09-4359-8486-51FDFF43353C}
	EndGlobalSection
EndGlobal
