<?xml version="1.0" encoding="utf-8"?>
<Project ToolsVersion="4.0" xmlns="http://schemas.microsoft.com/developer/msbuild/2003">
  <ItemGroup>
    <Filter Include="Source Files">
      <UniqueIdentifier>{4FC737F1-C7A5-4376-A066-2A32D752A2FF}</UniqueIdentifier>
      <Extensions>cpp;c;cc;cxx;c++;cppm;ixx;def;odl;idl;hpj;bat;asm;asmx</Extensions>
    </Filter>
    <Filter Include="Header Files">
      <UniqueIdentifier>{93995380-89BD-4b04-88EB-625FBE52EBFB}</UniqueIdentifier>
      <Extensions>h;hh;hpp;hxx;h++;hm;inl;inc;ipp;xsd</Extensions>
    </Filter>
    <Filter Include="Header Files\ui">
      <UniqueIdentifier>{c8b58a0a-8273-462f-981c-801cd99a23a3}</UniqueIdentifier>
    </Filter>
    <Filter Include="Source Files\ui">
      <UniqueIdentifier>{fb3df385-a12d-4320-b7c4-d23b9389f16d}</UniqueIdentifier>
    </Filter>
    <Filter Include="Header Files\validator">
      <UniqueIdentifier>{aadbccf2-7134-41f4-853e-f00d0bd1d280}</UniqueIdentifier>
    </Filter>
    <Filter Include="Source Files\validator">
      <UniqueIdentifier>{80d864d1-9019-4145-8014-d20dfe4dfc39}</UniqueIdentifier>
    </Filter>
    <Filter Include="Source Files\repository">
      <UniqueIdentifier>{39d36e95-d4f5-42cd-a1d0-924133091703}</UniqueIdentifier>
    </Filter>
    <Filter Include="Header Files\repository">
      <UniqueIdentifier>{ed06a43c-75f2-459a-bcad-aac6e6b00434}</UniqueIdentifier>
    </Filter>
    <Filter Include="Source Files\service">
      <UniqueIdentifier>{9533c42b-a75b-4f66-8097-861b907c7690}</UniqueIdentifier>
    </Filter>
    <Filter Include="Header Files\service">
      <UniqueIdentifier>{fd8e8c2c-fa28-49e3-aae4-3c1a6ba114cb}</UniqueIdentifier>
    </Filter>
  </ItemGroup>
  <ItemGroup>
    <ClCompile Include="main.c">
      <Filter>Source Files</Filter>
    </ClCompile>
    <ClCompile Include="operatii.c">
      <Filter>Source Files\ui</Filter>
    </ClCompile>
    <ClCompile Include="concurs.c">
      <Filter>Source Files\repository</Filter>
    </ClCompile>
    <ClCompile Include="valid.c">
      <Filter>Source Files\validator</Filter>
    </ClCompile>
    <ClCompile Include="service.c">
      <Filter>Source Files\service</Filter>
    </ClCompile>
  </ItemGroup>
  <ItemGroup>
    <ClInclude Include="operatii.h">
      <Filter>Header Files\ui</Filter>
    </ClInclude>
    <ClInclude Include="concurs.h">
      <Filter>Header Files\repository</Filter>
    </ClInclude>
    <ClInclude Include="valid.h">
      <Filter>Header Files\validator</Filter>
    </ClInclude>
    <ClInclude Include="service.h">
      <Filter>Header Files\service</Filter>
    </ClInclude>
  </ItemGroup>
</Project>