
Microsoft Visual Studio Solution File, Format Version 12.00
# Visual Studio Version 17
VisualStudioVersion = 17.4.33122.133
MinimumVisualStudioVersion = 10.0.40219.1
Project("{FAE04EC0-301F-11D3-BF4B-00C04F79EFBC}") = "mpp-proiect-csharp-vreauladudu", "mpp-proiect-csharp-vreauladudu.csproj", "{38425C35-02FE-4184-8D78-453DC0426684}"
EndProject
Global
	GlobalSection(SolutionConfigurationPlatforms) = preSolution
		Debug|Any CPU = Debug|Any CPU
		Release|Any CPU = Release|Any CPU
	EndGlobalSection
	GlobalSection(ProjectConfigurationPlatforms) = postSolution
		{38425C35-02FE-4184-8D78-453DC0426684}.Debug|Any CPU.ActiveCfg = Debug|Any CPU
		{38425C35-02FE-4184-8D78-453DC0426684}.Debug|Any CPU.Build.0 = Debug|Any CPU
		{38425C35-02FE-4184-8D78-453DC0426684}.Release|Any CPU.ActiveCfg = Release|Any CPU
		{38425C35-02FE-4184-8D78-453DC0426684}.Release|Any CPU.Build.0 = Release|Any CPU
	EndGlobalSection
	GlobalSection(SolutionProperties) = preSolution
		HideSolutionNode = FALSE
	EndGlobalSection
	GlobalSection(ExtensibilityGlobals) = postSolution
		SolutionGuid = {22C67162-B01C-49DF-8A41-FF2DB1003262}
	EndGlobalSection
EndGlobal
