
Microsoft Visual Studio Solution File, Format Version 12.00
# Visual Studio Version 17
VisualStudioVersion = 17.4.33122.133
MinimumVisualStudioVersion = 10.0.40219.1
Project("{FAE04EC0-301F-11D3-BF4B-00C04F79EFBC}") = "lab 8", "lab 8.csproj", "{C2E04C89-541F-4F28-B409-E88D5C29502C}"
EndProject
Global
	GlobalSection(SolutionConfigurationPlatforms) = preSolution
		Debug|Any CPU = Debug|Any CPU
		Release|Any CPU = Release|Any CPU
	EndGlobalSection
	GlobalSection(ProjectConfigurationPlatforms) = postSolution
		{C2E04C89-541F-4F28-B409-E88D5C29502C}.Debug|Any CPU.ActiveCfg = Debug|Any CPU
		{C2E04C89-541F-4F28-B409-E88D5C29502C}.Debug|Any CPU.Build.0 = Debug|Any CPU
		{C2E04C89-541F-4F28-B409-E88D5C29502C}.Release|Any CPU.ActiveCfg = Release|Any CPU
		{C2E04C89-541F-4F28-B409-E88D5C29502C}.Release|Any CPU.Build.0 = Release|Any CPU
	EndGlobalSection
	GlobalSection(SolutionProperties) = preSolution
		HideSolutionNode = FALSE
	EndGlobalSection
	GlobalSection(ExtensibilityGlobals) = postSolution
		SolutionGuid = {C4B2924D-F49C-440D-9750-5E24A044890A}
	EndGlobalSection
EndGlobal
