<?xml version="1.0" encoding="utf-8"?>
<Project ToolsVersion="4.0" xmlns="http://schemas.microsoft.com/developer/msbuild/2003">
  <ItemGroup>
    <ClCompile Include="main.cpp" />
    <ClCompile Include="Consola.cpp">
      <Filter>Source Files</Filter>
    </ClCompile>
    <ClCompile Include="Film.cpp">
      <Filter>Source Files</Filter>
    </ClCompile>
    <ClCompile Include="Repo.cpp">
      <Filter>Source Files</Filter>
    </ClCompile>
    <ClCompile Include="Service.cpp">
      <Filter>Source Files</Filter>
    </ClCompile>
    <ClCompile Include="Teste.cpp">
      <Filter>Source Files</Filter>
    </ClCompile>
    <ClCompile Include="Valid.cpp">
      <Filter>Source Files</Filter>
    </ClCompile>
    <ClCompile Include="gui_main.cpp">
      <Filter>Source Files</Filter>
    </ClCompile>
    <ClCompile Include="FilmeGui.cpp">
      <Filter>Source Files</Filter>
    </ClCompile>
  </ItemGroup>
  <ItemGroup>
    <ResourceCompile Include="lab 10-11.rc" />
  </ItemGroup>
  <ItemGroup>
    <QtRcc Include="gui_main.qrc" />
  </ItemGroup>
  <ItemGroup>
    <QtUic Include="gui_main.ui" />
  </ItemGroup>
  <ItemGroup>
    <None Include="lab 10-11.ico" />
  </ItemGroup>
  <ItemGroup>
    <Filter Include="Source Files">
      <UniqueIdentifier>{917383f3-ad31-4c73-8637-a4a77e2db8b6}</UniqueIdentifier>
    </Filter>
    <Filter Include="Header Files">
      <UniqueIdentifier>{ed63a6aa-bba2-4886-894a-6223e27c46e7}</UniqueIdentifier>
    </Filter>
  </ItemGroup>
  <ItemGroup>
    <ClInclude Include="Consola.hpp">
      <Filter>Header Files</Filter>
    </ClInclude>
    <ClInclude Include="Film.hpp">
      <Filter>Header Files</Filter>
    </ClInclude>
    <ClInclude Include="Repo.hpp">
      <Filter>Header Files</Filter>
    </ClInclude>
    <ClInclude Include="Service.hpp">
      <Filter>Header Files</Filter>
    </ClInclude>
    <ClInclude Include="Teste.hpp">
      <Filter>Header Files</Filter>
    </ClInclude>
    <ClInclude Include="Valid.hpp">
      <Filter>Header Files</Filter>
    </ClInclude>
    <ClInclude Include="FilmeGui.hpp">
      <Filter>Header Files</Filter>
    </ClInclude>
  </ItemGroup>
  <ItemGroup>
    <QtMoc Include="gui_main.hpp">
      <Filter>Header Files</Filter>
    </QtMoc>
  </ItemGroup>
</Project>